// !$*UTF8*$!
{
	archiveVersion = 1;
	classes = {
	};
	objectVersion = 46;
	objects = {

/* Begin PBXBuildFile section */
		3962C7E41C41663C00586B1B /* main.m in Sources */ = {isa = PBXBuildFile; fileRef = 3962C7E31C41663C00586B1B /* main.m */; };
		3962C7E71C41663C00586B1B /* AppDelegate.m in Sources */ = {isa = PBXBuildFile; fileRef = 3962C7E61C41663C00586B1B /* AppDelegate.m */; };
		3962C7EA1C41663C00586B1B /* ViewController.m in Sources */ = {isa = PBXBuildFile; fileRef = 3962C7E91C41663C00586B1B /* ViewController.m */; };
		3962C7ED1C41663C00586B1B /* Main.storyboard in Resources */ = {isa = PBXBuildFile; fileRef = 3962C7EB1C41663C00586B1B /* Main.storyboard */; };
		3962C7EF1C41663C00586B1B /* Assets.xcassets in Resources */ = {isa = PBXBuildFile; fileRef = 3962C7EE1C41663C00586B1B /* Assets.xcassets */; };
		3962C7F21C41663C00586B1B /* LaunchScreen.storyboard in Resources */ = {isa = PBXBuildFile; fileRef = 3962C7F01C41663C00586B1B /* LaunchScreen.storyboard */; };
		3962C7FB1C416A7500586B1B /* MapViewController.m in Sources */ = {isa = PBXBuildFile; fileRef = 3962C7FA1C416A7500586B1B /* MapViewController.m */; };
		3962C7FE1C416A9A00586B1B /* DataViewController.m in Sources */ = {isa = PBXBuildFile; fileRef = 3962C7FD1C416A9A00586B1B /* DataViewController.m */; };
		3962C8011C416AEB00586B1B /* CustomAnnotation.m in Sources */ = {isa = PBXBuildFile; fileRef = 3962C8001C416AEB00586B1B /* CustomAnnotation.m */; };
/* End PBXBuildFile section */

/* Begin PBXFileReference section */
		3962C7DF1C41663C00586B1B /* MapData.app */ = {isa = PBXFileReference; explicitFileType = wrapper.application; includeInIndex = 0; path = MapData.app; sourceTree = BUILT_PRODUCTS_DIR; };
		3962C7E31C41663C00586B1B /* main.m */ = {isa = PBXFileReference; lastKnownFileType = sourcecode.c.objc; path = main.m; sourceTree = "<group>"; };
		3962C7E51C41663C00586B1B /* AppDelegate.h */ = {isa = PBXFileReference; lastKnownFileType = sourcecode.c.h; path = AppDelegate.h; sourceTree = "<group>"; };
		3962C7E61C41663C00586B1B /* AppDelegate.m */ = {isa = PBXFileReference; lastKnownFileType = sourcecode.c.objc; path = AppDelegate.m; sourceTree = "<group>"; };
		3962C7E81C41663C00586B1B /* ViewController.h */ = {isa = PBXFileReference; lastKnownFileType = sourcecode.c.h; path = ViewController.h; sourceTree = "<group>"; };
		3962C7E91C41663C00586B1B /* ViewController.m */ = {isa = PBXFileReference; lastKnownFileType = sourcecode.c.objc; path = ViewController.m; sourceTree = "<group>"; };
		3962C7EC1C41663C00586B1B /* Base */ = {isa = PBXFileReference; lastKnownFileType = file.storyboard; name = Base; path = Base.lproj/Main.storyboard; sourceTree = "<group>"; };
		3962C7EE1C41663C00586B1B /* Assets.xcassets */ = {isa = PBXFileReference; lastKnownFileType = folder.assetcatalog; path = Assets.xcassets; sourceTree = "<group>"; };
		3962C7F11C41663C00586B1B /* Base */ = {isa = PBXFileReference; lastKnownFileType = file.storyboard; name = Base; path = Base.lproj/LaunchScreen.storyboard; sourceTree = "<group>"; };
		3962C7F31C41663C00586B1B /* Info.plist */ = {isa = PBXFileReference; lastKnownFileType = text.plist.xml; path = Info.plist; sourceTree = "<group>"; };
		3962C7F91C416A7500586B1B /* MapViewController.h */ = {isa = PBXFileReference; fileEncoding = 4; lastKnownFileType = sourcecode.c.h; path = MapViewController.h; sourceTree = "<group>"; };
		3962C7FA1C416A7500586B1B /* MapViewController.m */ = {isa = PBXFileReference; fileEncoding = 4; lastKnownFileType = sourcecode.c.objc; path = MapViewController.m; sourceTree = "<group>"; };
		3962C7FC1C416A9A00586B1B /* DataViewController.h */ = {isa = PBXFileReference; fileEncoding = 4; lastKnownFileType = sourcecode.c.h; path = DataViewController.h; sourceTree = "<group>"; };
		3962C7FD1C416A9A00586B1B /* DataViewController.m */ = {isa = PBXFileReference; fileEncoding = 4; lastKnownFileType = sourcecode.c.objc; path = DataViewController.m; sourceTree = "<group>"; };
		3962C7FF1C416AEB00586B1B /* CustomAnnotation.h */ = {isa = PBXFileReference; fileEncoding = 4; lastKnownFileType = sourcecode.c.h; path = CustomAnnotation.h; sourceTree = "<group>"; };
		3962C8001C416AEB00586B1B /* CustomAnnotation.m */ = {isa = PBXFileReference; fileEncoding = 4; lastKnownFileType = sourcecode.c.objc; path = CustomAnnotation.m; sourceTree = "<group>"; };
/* End PBXFileReference section */

/* Begin PBXFrameworksBuildPhase section */
		3962C7DC1C41663C00586B1B /* Frameworks */ = {
			isa = PBXFrameworksBuildPhase;
			buildActionMask = 2147483647;
			files = (
			);
			runOnlyForDeploymentPostprocessing = 0;
		};
/* End PBXFrameworksBuildPhase section */

/* Begin PBXGroup section */
		3962C7D61C41663C00586B1B = {
			isa = PBXGroup;
			children = (
				3962C7E11C41663C00586B1B /* MapData */,
				3962C7E01C41663C00586B1B /* Products */,
			);
			sourceTree = "<group>";
		};
		3962C7E01C41663C00586B1B /* Products */ = {
			isa = PBXGroup;
			children = (
				3962C7DF1C41663C00586B1B /* MapData.app */,
			);
			name = Products;
			sourceTree = "<group>";
		};
		3962C7E11C41663C00586B1B /* MapData */ = {
			isa = PBXGroup;
			children = (
				3962C7E51C41663C00586B1B /* AppDelegate.h */,
				3962C7E61C41663C00586B1B /* AppDelegate.m */,
				3962C7E81C41663C00586B1B /* ViewController.h */,
				3962C7E91C41663C00586B1B /* ViewController.m */,
				3962C7EB1C41663C00586B1B /* Main.storyboard */,
				3962C7EE1C41663C00586B1B /* Assets.xcassets */,
				3962C7F01C41663C00586B1B /* LaunchScreen.storyboard */,
				3962C7F31C41663C00586B1B /* Info.plist */,
				3962C7E21C41663C00586B1B /* Supporting Files */,
				3962C7F91C416A7500586B1B /* MapViewController.h */,
				3962C7FA1C416A7500586B1B /* MapViewController.m */,
				3962C7FC1C416A9A00586B1B /* DataViewController.h */,
				3962C7FD1C416A9A00586B1B /* DataViewController.m */,
				3962C7FF1C416AEB00586B1B /* CustomAnnotation.h */,
				3962C8001C416AEB00586B1B /* CustomAnnotation.m */,
			);
			path = MapData;
			sourceTree = "<group>";
		};
		3962C7E21C41663C00586B1B /* Supporting Files */ = {
			isa = PBXGroup;
			children = (
				3962C7E31C41663C00586B1B /* main.m */,
			);
			name = "Supporting Files";
			sourceTree = "<group>";
		};
/* End PBXGroup section */

/* Begin PBXNativeTarget section */
		3962C7DE1C41663C00586B1B /* MapData */ = {
			isa = PBXNativeTarget;
			buildConfigurationList = 3962C7F61C41663C00586B1B /* Build configuration list for PBXNativeTarget "MapData" */;
			buildPhases = (
				3962C7DB1C41663C00586B1B /* Sources */,
				3962C7DC1C41663C00586B1B /* Frameworks */,
				3962C7DD1C41663C00586B1B /* Resources */,
			);
			buildRules = (
			);
			dependencies = (
			);
			name = MapData;
			productName = MapData;
			productReference = 3962C7DF1C41663C00586B1B /* MapData.app */;
			productType = "com.apple.product-type.application";
		};
/* End PBXNativeTarget section */

/* Begin PBXProject section */
		3962C7D71C41663C00586B1B /* Project object */ = {
			isa = PBXProject;
			attributes = {
				LastUpgradeCheck = 0720;
				ORGANIZATIONNAME = Haruki;
				TargetAttributes = {
					3962C7DE1C41663C00586B1B = {
						CreatedOnToolsVersion = 7.2;
						DevelopmentTeam = RL2ZUT8S8K;
					};
				};
			};
			buildConfigurationList = 3962C7DA1C41663C00586B1B /* Build configuration list for PBXProject "MapData" */;
			compatibilityVersion = "Xcode 3.2";
			developmentRegion = English;
			hasScannedForEncodings = 0;
			knownRegions = (
				en,
				Base,
			);
			mainGroup = 3962C7D61C41663C00586B1B;
			productRefGroup = 3962C7E01C41663C00586B1B /* Products */;
			projectDirPath = "";
			projectRoot = "";
			targets = (
				3962C7DE1C41663C00586B1B /* MapData */,
			);
		};
/* End PBXProject section */

/* Begin PBXResourcesBuildPhase section */
		3962C7DD1C41663C00586B1B /* Resources */ = {
			isa = PBXResourcesBuildPhase;
			buildActionMask = 2147483647;
			files = (
				3962C7F21C41663C00586B1B /* LaunchScreen.storyboard in Resources */,
				3962C7EF1C41663C00586B1B /* Assets.xcassets in Resources */,
				3962C7ED1C41663C00586B1B /* Main.storyboard in Resources */,
			);
			runOnlyForDeploymentPostprocessing = 0;
		};
/* End PBXResourcesBuildPhase section */

/* Begin PBXSourcesBuildPhase section */
		3962C7DB1C41663C00586B1B /* Sources */ = {
			isa = PBXSourcesBuildPhase;
			buildActionMask = 2147483647;
			files = (
				3962C7EA1C41663C00586B1B /* ViewController.m in Sources */,
				3962C7E71C41663C00586B1B /* AppDelegate.m in Sources */,
				3962C7E41C41663C00586B1B /* main.m in Sources */,
				3962C8011C416AEB00586B1B /* CustomAnnotation.m in Sources */,
				3962C7FB1C416A7500586B1B /* MapViewController.m in Sources */,
				3962C7FE1C416A9A00586B1B /* DataViewController.m in Sources */,
			);
			runOnlyForDeploymentPostprocessing = 0;
		};
/* End PBXSourcesBuildPhase section */

/* Begin PBXVariantGroup section */
		3962C7EB1C41663C00586B1B /* Main.storyboard */ = {
			isa = PBXVariantGroup;
			children = (
				3962C7EC1C41663C00586B1B /* Base */,
			);
			name = Main.storyboard;
			sourceTree = "<group>";
		};
		3962C7F01C41663C00586B1B /* LaunchScreen.storyboard */ = {
			isa = PBXVariantGroup;
			children = (
				3962C7F11C41663C00586B1B /* Base */,
			);
			name = LaunchScreen.storyboard;
			sourceTree = "<group>";
		};
/* End PBXVariantGroup section */

/* Begin XCBuildConfiguration section */
		3962C7F41C41663C00586B1B /* Debug */ = {
			isa = XCBuildConfiguration;
			buildSettings = {
				ALWAYS_SEARCH_USER_PATHS = NO;
				CLANG_CXX_LANGUAGE_STANDARD = "gnu++0x";
				CLANG_CXX_LIBRARY = "libc++";
				CLANG_ENABLE_MODULES = YES;
				CLANG_ENABLE_OBJC_ARC = YES;
				CLANG_WARN_BOOL_CONVERSION = YES;
				CLANG_WARN_CONSTANT_CONVERSION = YES;
				CLANG_WARN_DIRECT_OBJC_ISA_USAGE = YES_ERROR;
				CLANG_WARN_EMPTY_BODY = YES;
				CLANG_WARN_ENUM_CONVERSION = YES;
				CLANG_WARN_INT_CONVERSION = YES;
				CLANG_WARN_OBJC_ROOT_CLASS = YES_ERROR;
				CLANG_WARN_UNREACHABLE_CODE = YES;
				CLANG_WARN__DUPLICATE_METHOD_MATCH = YES;
				"CODE_SIGN_IDENTITY[sdk=iphoneos*]" = "iPhone Developer";
				COPY_PHASE_STRIP = NO;
				DEBUG_INFORMATION_FORMAT = dwarf;
				ENABLE_STRICT_OBJC_MSGSEND = YES;
				ENABLE_TESTABILITY = YES;
				GCC_C_LANGUAGE_STANDARD = gnu99;
				GCC_DYNAMIC_NO_PIC = NO;
				GCC_NO_COMMON_BLOCKS = YES;
				GCC_OPTIMIZATION_LEVEL = 0;
				GCC_PREPROCESSOR_DEFINITIONS = (
					"DEBUG=1",
					"$(inherited)",
				);
				GCC_WARN_64_TO_32_BIT_CONVERSION = YES;
				GCC_WARN_ABOUT_RETURN_TYPE = YES_ERROR;
				GCC_WARN_UNDECLARED_SELECTOR = YES;
				GCC_WARN_UNINITIALIZED_AUTOS = YES_AGGRESSIVE;
				GCC_WARN_UNUSED_FUNCTION = YES;
				GCC_WARN_UNUSED_VARIABLE = YES;
				IPHONEOS_DEPLOYMENT_TARGET = 9.2;
				MTL_ENABLE_DEBUG_INFO = YES;
				ONLY_ACTIVE_ARCH = YES;
				SDKROOT = iphoneos;
			};
			name = Debug;
		};
		3962C7F51C41663C00586B1B /* Release */ = {
			isa = XCBuildConfiguration;
			buildSettings = {
				ALWAYS_SEARCH_USER_PATHS = NO;
				CLANG_CXX_LANGUAGE_STANDARD = "gnu++0x";
				CLANG_CXX_LIBRARY = "libc++";
				CLANG_ENABLE_MODULES = YES;
				CLANG_ENABLE_OBJC_ARC = YES;
				CLANG_WARN_BOOL_CONVERSION = YES;
				CLANG_WARN_CONSTANT_CONVERSION = YES;
				CLANG_WARN_DIRECT_OBJC_ISA_USAGE = YES_ERROR;
				CLANG_WARN_EMPTY_BODY = YES;
				CLANG_WARN_ENUM_CONVERSION = YES;
				CLANG_WARN_INT_CONVERSION = YES;
				CLANG_WARN_OBJC_ROOT_CLASS = YES_ERROR;
				CLANG_WARN_UNREACHABLE_CODE = YES;
				CLANG_WARN__DUPLICATE_METHOD_MATCH = YES;
				"CODE_SIGN_IDENTITY[sdk=iphoneos*]" = "iPhone Developer";
				COPY_PHASE_STRIP = NO;
				DEBUG_INFORMATION_FORMAT = "dwarf-with-dsym";
				ENABLE_NS_ASSERTIONS = NO;
				ENABLE_STRICT_OBJC_MSGSEND = YES;
				GCC_C_LANGUAGE_STANDARD = gnu99;
				GCC_NO_COMMON_BLOCKS = YES;
				GCC_WARN_64_TO_32_BIT_CONVERSION = YES;
				GCC_WARN_ABOUT_RETURN_TYPE = YES_ERROR;
				GCC_WARN_UNDECLARED_SELECTOR = YES;
				GCC_WARN_UNINITIALIZED_AUTOS = YES_AGGRESSIVE;
				GCC_WARN_UNUSED_FUNCTION = YES;
				GCC_WARN_UNUSED_VARIABLE = YES;
				IPHONEOS_DEPLOYMENT_TARGET = 9.2;
				MTL_ENABLE_DEBUG_INFO = NO;
				SDKROOT = iphoneos;
				VALIDATE_PRODUCT = YES;
			};
			name = Release;
		};
		3962C7F71C41663C00586B1B /* Debug */ = {
			isa = XCBuildConfiguration;
			buildSettings = {
				ASSETCATALOG_COMPILER_APPICON_NAME = AppIcon;
				INFOPLIST_FILE = MapData/Info.plist;
				LD_RUNPATH_SEARCH_PATHS = "$(inherited) @executable_path/Frameworks";
				PRODUCT_BUNDLE_IDENTIFIER = co.beautifulMoon.MapData;
				PRODUCT_NAME = "$(TARGET_NAME)";
			};
			name = Debug;
		};
		3962C7F81C41663C00586B1B /* Release */ = {
			isa = XCBuildConfiguration;
			buildSettings = {
				ASSETCATALOG_COMPILER_APPICON_NAME = AppIcon;
				INFOPLIST_FILE = MapData/Info.plist;
				LD_RUNPATH_SEARCH_PATHS = "$(inherited) @executable_path/Frameworks";
				PRODUCT_BUNDLE_IDENTIFIER = co.beautifulMoon.MapData;
				PRODUCT_NAME = "$(TARGET_NAME)";
			};
			name = Release;
		};
/* End XCBuildConfiguration section */

/* Begin XCConfigurationList section */
		3962C7DA1C41663C00586B1B /* Build configuration list for PBXProject "MapData" */ = {
			isa = XCConfigurationList;
			buildConfigurations = (
				3962C7F41C41663C00586B1B /* Debug */,
				3962C7F51C41663C00586B1B /* Release */,
			);
			defaultConfigurationIsVisible = 0;
			defaultConfigurationName = Release;
		};
		3962C7F61C41663C00586B1B /* Build configuration list for PBXNativeTarget "MapData" */ = {
			isa = XCConfigurationList;
			buildConfigurations = (
				3962C7F71C41663C00586B1B /* Debug */,
				3962C7F81C41663C00586B1B /* Release */,
			);
			defaultConfigurationIsVisible = 0;
		};
/* End XCConfigurationList section */
	};
	rootObject = 3962C7D71C41663C00586B1B /* Project object */;
}
